
Microsoft Visual Studio Solution File, Format Version 12.00
# Visual Studio Version 17
VisualStudioVersion = 17.8.34330.188
MinimumVisualStudioVersion = 10.0.40219.1
Project("{FAE04EC0-301F-11D3-BF4B-00C04F79EFBC}") = "BackendV2", "BackendV2\BackendV2.csproj", "{59CF09B9-8589-4F70-83AE-DA8478D0D6B3}"
EndProject
Project("{FAE04EC0-301F-11D3-BF4B-00C04F79EFBC}") = "introduccionCsharp", "introduccionCsharp\introduccionCsharp.csproj", "{F3E60564-1B91-408B-BC41-2F2E253306C4}"
EndProject
Global
	GlobalSection(SolutionConfigurationPlatforms) = preSolution
		Debug|Any CPU = Debug|Any CPU
		Release|Any CPU = Release|Any CPU
	EndGlobalSection
	GlobalSection(ProjectConfigurationPlatforms) = postSolution
		{59CF09B9-8589-4F70-83AE-DA8478D0D6B3}.Debug|Any CPU.ActiveCfg = Debug|Any CPU
		{59CF09B9-8589-4F70-83AE-DA8478D0D6B3}.Debug|Any CPU.Build.0 = Debug|Any CPU
		{59CF09B9-8589-4F70-83AE-DA8478D0D6B3}.Release|Any CPU.ActiveCfg = Release|Any CPU
		{59CF09B9-8589-4F70-83AE-DA8478D0D6B3}.Release|Any CPU.Build.0 = Release|Any CPU
		{F3E60564-1B91-408B-BC41-2F2E253306C4}.Debug|Any CPU.ActiveCfg = Debug|Any CPU
		{F3E60564-1B91-408B-BC41-2F2E253306C4}.Debug|Any CPU.Build.0 = Debug|Any CPU
		{F3E60564-1B91-408B-BC41-2F2E253306C4}.Release|Any CPU.ActiveCfg = Release|Any CPU
		{F3E60564-1B91-408B-BC41-2F2E253306C4}.Release|Any CPU.Build.0 = Release|Any CPU
	EndGlobalSection
	GlobalSection(SolutionProperties) = preSolution
		HideSolutionNode = FALSE
	EndGlobalSection
	GlobalSection(ExtensibilityGlobals) = postSolution
		SolutionGuid = {7F114AE0-8F94-4B5E-BE4A-D24612444339}
	EndGlobalSection
EndGlobal
